// !$*UTF8*$!
{
	archiveVersion = 1;
	classes = {
	};
	objectVersion = 46;
	objects = {

/* Begin PBXBuildFile section */
		8EAFAADA1B6EB023006FF5BA /* Images.xcassets in Resources */ = {isa = PBXBuildFile; fileRef = 8EAFAAD91B6EB023006FF5BA /* Images.xcassets */; };
		8ED02E841B6B93F70056EA4F /* AppDelegate.swift in Sources */ = {isa = PBXBuildFile; fileRef = 8ED02E831B6B93F70056EA4F /* AppDelegate.swift */; };
		8ED02E861B6B93F70056EA4F /* MainVC.swift in Sources */ = {isa = PBXBuildFile; fileRef = 8ED02E851B6B93F70056EA4F /* MainVC.swift */; };
		8ED02E891B6B93F70056EA4F /* Main.storyboard in Resources */ = {isa = PBXBuildFile; fileRef = 8ED02E871B6B93F70056EA4F /* Main.storyboard */; };
		8ED02E8E1B6B93F70056EA4F /* LaunchScreen.xib in Resources */ = {isa = PBXBuildFile; fileRef = 8ED02E8C1B6B93F70056EA4F /* LaunchScreen.xib */; };
		8ED02E9A1B6B93F80056EA4F /* dotjpgTests.swift in Sources */ = {isa = PBXBuildFile; fileRef = 8ED02E991B6B93F80056EA4F /* dotjpgTests.swift */; };
		8ED02EAB1B6CDF900056EA4F /* Images.swift in Sources */ = {isa = PBXBuildFile; fileRef = 8ED02EAA1B6CDF900056EA4F /* Images.swift */; };
		8ED02EAD1B6CE0760056EA4F /* Config.swift in Sources */ = {isa = PBXBuildFile; fileRef = 8ED02EAC1B6CE0760056EA4F /* Config.swift */; };
		8ED02EB01B6CE8930056EA4F /* APIController.swift in Sources */ = {isa = PBXBuildFile; fileRef = 8ED02EAF1B6CE8930056EA4F /* APIController.swift */; };
		8ED02EB61B6D0A660056EA4F /* PhotoVC.swift in Sources */ = {isa = PBXBuildFile; fileRef = 8ED02EB51B6D0A660056EA4F /* PhotoVC.swift */; };
		8ED02F351B6D1ACB0056EA4F /* PhotoCollectionView.xib in Resources */ = {isa = PBXBuildFile; fileRef = 8ED02F341B6D1ACB0056EA4F /* PhotoCollectionView.xib */; };
		8ED02F411B6EA9970056EA4F /* FloatingButton.swift in Sources */ = {isa = PBXBuildFile; fileRef = 8ED02F401B6EA9970056EA4F /* FloatingButton.swift */; };
		8ED02F431B6EA9F40056EA4F /* Extensions.swift in Sources */ = {isa = PBXBuildFile; fileRef = 8ED02F421B6EA9F40056EA4F /* Extensions.swift */; };
		AACFCEBDC1296BF70186FD6F /* libPods.a in Frameworks */ = {isa = PBXBuildFile; fileRef = 2D80D78910ACC5C2A314C131 /* libPods.a */; };
/* End PBXBuildFile section */

/* Begin PBXContainerItemProxy section */
		8ED02E941B6B93F80056EA4F /* PBXContainerItemProxy */ = {
			isa = PBXContainerItemProxy;
			containerPortal = 8ED02E761B6B93F70056EA4F /* Project object */;
			proxyType = 1;
			remoteGlobalIDString = 8ED02E7D1B6B93F70056EA4F;
			remoteInfo = dotjpg;
		};
/* End PBXContainerItemProxy section */

/* Begin PBXFileReference section */
		2A5B85507698287FA9EECF0C /* Pods.release.xcconfig */ = {isa = PBXFileReference; includeInIndex = 1; lastKnownFileType = text.xcconfig; name = Pods.release.xcconfig; path = "Pods/Target Support Files/Pods/Pods.release.xcconfig"; sourceTree = "<group>"; };
		2D80D78910ACC5C2A314C131 /* libPods.a */ = {isa = PBXFileReference; explicitFileType = archive.ar; includeInIndex = 0; path = libPods.a; sourceTree = BUILT_PRODUCTS_DIR; };
		8EAFAAD91B6EB023006FF5BA /* Images.xcassets */ = {isa = PBXFileReference; lastKnownFileType = folder.assetcatalog; path = Images.xcassets; sourceTree = "<group>"; };
		8ED02E7E1B6B93F70056EA4F /* dotjpg.app */ = {isa = PBXFileReference; explicitFileType = wrapper.application; includeInIndex = 0; path = dotjpg.app; sourceTree = BUILT_PRODUCTS_DIR; };
		8ED02E821B6B93F70056EA4F /* Info.plist */ = {isa = PBXFileReference; lastKnownFileType = text.plist.xml; path = Info.plist; sourceTree = "<group>"; };
		8ED02E831B6B93F70056EA4F /* AppDelegate.swift */ = {isa = PBXFileReference; lastKnownFileType = sourcecode.swift; path = AppDelegate.swift; sourceTree = "<group>"; };
		8ED02E851B6B93F70056EA4F /* MainVC.swift */ = {isa = PBXFileReference; lastKnownFileType = sourcecode.swift; path = MainVC.swift; sourceTree = "<group>"; };
		8ED02E881B6B93F70056EA4F /* Base */ = {isa = PBXFileReference; lastKnownFileType = file.storyboard; name = Base; path = Base.lproj/Main.storyboard; sourceTree = "<group>"; };
		8ED02E8D1B6B93F70056EA4F /* Base */ = {isa = PBXFileReference; lastKnownFileType = file.xib; name = Base; path = Base.lproj/LaunchScreen.xib; sourceTree = "<group>"; };
		8ED02E931B6B93F80056EA4F /* dotjpgTests.xctest */ = {isa = PBXFileReference; explicitFileType = wrapper.cfbundle; includeInIndex = 0; path = dotjpgTests.xctest; sourceTree = BUILT_PRODUCTS_DIR; };
		8ED02E981B6B93F80056EA4F /* Info.plist */ = {isa = PBXFileReference; lastKnownFileType = text.plist.xml; path = Info.plist; sourceTree = "<group>"; };
		8ED02E991B6B93F80056EA4F /* dotjpgTests.swift */ = {isa = PBXFileReference; lastKnownFileType = sourcecode.swift; path = dotjpgTests.swift; sourceTree = "<group>"; };
		8ED02EA31B6BAA6E0056EA4F /* dotjpg-Bridging-Header.h */ = {isa = PBXFileReference; lastKnownFileType = sourcecode.c.h; path = "dotjpg-Bridging-Header.h"; sourceTree = "<group>"; };
		8ED02EAA1B6CDF900056EA4F /* Images.swift */ = {isa = PBXFileReference; fileEncoding = 4; lastKnownFileType = sourcecode.swift; path = Images.swift; sourceTree = "<group>"; };
		8ED02EAC1B6CE0760056EA4F /* Config.swift */ = {isa = PBXFileReference; fileEncoding = 4; lastKnownFileType = sourcecode.swift; path = Config.swift; sourceTree = "<group>"; };
		8ED02EAF1B6CE8930056EA4F /* APIController.swift */ = {isa = PBXFileReference; fileEncoding = 4; lastKnownFileType = sourcecode.swift; path = APIController.swift; sourceTree = "<group>"; };
		8ED02EB51B6D0A660056EA4F /* PhotoVC.swift */ = {isa = PBXFileReference; fileEncoding = 4; lastKnownFileType = sourcecode.swift; path = PhotoVC.swift; sourceTree = "<group>"; };
		8ED02F341B6D1ACB0056EA4F /* PhotoCollectionView.xib */ = {isa = PBXFileReference; fileEncoding = 4; lastKnownFileType = file.xib; path = PhotoCollectionView.xib; sourceTree = "<group>"; };
		8ED02F401B6EA9970056EA4F /* FloatingButton.swift */ = {isa = PBXFileReference; fileEncoding = 4; lastKnownFileType = sourcecode.swift; path = FloatingButton.swift; sourceTree = "<group>"; };
		8ED02F421B6EA9F40056EA4F /* Extensions.swift */ = {isa = PBXFileReference; fileEncoding = 4; lastKnownFileType = sourcecode.swift; path = Extensions.swift; sourceTree = "<group>"; };
		9987486C5D7C70E80BB68E03 /* Pods.debug.xcconfig */ = {isa = PBXFileReference; includeInIndex = 1; lastKnownFileType = text.xcconfig; name = Pods.debug.xcconfig; path = "Pods/Target Support Files/Pods/Pods.debug.xcconfig"; sourceTree = "<group>"; };
/* End PBXFileReference section */

/* Begin PBXFrameworksBuildPhase section */
		8ED02E7B1B6B93F70056EA4F /* Frameworks */ = {
			isa = PBXFrameworksBuildPhase;
			buildActionMask = 2147483647;
			files = (
				AACFCEBDC1296BF70186FD6F /* libPods.a in Frameworks */,
			);
			runOnlyForDeploymentPostprocessing = 0;
		};
		8ED02E901B6B93F80056EA4F /* Frameworks */ = {
			isa = PBXFrameworksBuildPhase;
			buildActionMask = 2147483647;
			files = (
			);
			runOnlyForDeploymentPostprocessing = 0;
		};
/* End PBXFrameworksBuildPhase section */

/* Begin PBXGroup section */
		11AF735F7336C69C79CDF79F /* Pods */ = {
			isa = PBXGroup;
			children = (
				9987486C5D7C70E80BB68E03 /* Pods.debug.xcconfig */,
				2A5B85507698287FA9EECF0C /* Pods.release.xcconfig */,
			);
			name = Pods;
			sourceTree = "<group>";
		};
		5CC9C26694D698B059FC24D1 /* Frameworks */ = {
			isa = PBXGroup;
			children = (
				2D80D78910ACC5C2A314C131 /* libPods.a */,
			);
			name = Frameworks;
			sourceTree = "<group>";
		};
		8ED02E751B6B93F70056EA4F = {
			isa = PBXGroup;
			children = (
				8ED02E801B6B93F70056EA4F /* dotjpg */,
				8ED02E961B6B93F80056EA4F /* dotjpgTests */,
				8ED02E7F1B6B93F70056EA4F /* Products */,
				11AF735F7336C69C79CDF79F /* Pods */,
				5CC9C26694D698B059FC24D1 /* Frameworks */,
				8ED02EA31B6BAA6E0056EA4F /* dotjpg-Bridging-Header.h */,
			);
			sourceTree = "<group>";
		};
		8ED02E7F1B6B93F70056EA4F /* Products */ = {
			isa = PBXGroup;
			children = (
				8ED02E7E1B6B93F70056EA4F /* dotjpg.app */,
				8ED02E931B6B93F80056EA4F /* dotjpgTests.xctest */,
			);
			name = Products;
			sourceTree = "<group>";
		};
		8ED02E801B6B93F70056EA4F /* dotjpg */ = {
			isa = PBXGroup;
			children = (
				8ED02EAE1B6CE87A0056EA4F /* Controller */,
				8ED02EAC1B6CE0760056EA4F /* Config.swift */,
				8ED02EA91B6CDF720056EA4F /* Models */,
				8ED02E851B6B93F70056EA4F /* MainVC.swift */,
				8ED02EB51B6D0A660056EA4F /* PhotoVC.swift */,
				8ED02E871B6B93F70056EA4F /* Main.storyboard */,
				8ED02F341B6D1ACB0056EA4F /* PhotoCollectionView.xib */,
				8ED02E8C1B6B93F70056EA4F /* LaunchScreen.xib */,
				8EAFAAD91B6EB023006FF5BA /* Images.xcassets */,
				8ED02E811B6B93F70056EA4F /* Supporting Files */,
			);
			path = dotjpg;
			sourceTree = "<group>";
		};
		8ED02E811B6B93F70056EA4F /* Supporting Files */ = {
			isa = PBXGroup;
			children = (
				8ED02E831B6B93F70056EA4F /* AppDelegate.swift */,
				8ED02E821B6B93F70056EA4F /* Info.plist */,
			);
			name = "Supporting Files";
			sourceTree = "<group>";
		};
		8ED02E961B6B93F80056EA4F /* dotjpgTests */ = {
			isa = PBXGroup;
			children = (
				8ED02E991B6B93F80056EA4F /* dotjpgTests.swift */,
				8ED02E971B6B93F80056EA4F /* Supporting Files */,
			);
			path = dotjpgTests;
			sourceTree = "<group>";
		};
		8ED02E971B6B93F80056EA4F /* Supporting Files */ = {
			isa = PBXGroup;
			children = (
				8ED02E981B6B93F80056EA4F /* Info.plist */,
			);
			name = "Supporting Files";
			sourceTree = "<group>";
		};
		8ED02EA91B6CDF720056EA4F /* Models */ = {
			isa = PBXGroup;
			children = (
				8ED02EAA1B6CDF900056EA4F /* Images.swift */,
			);
			name = Models;
			sourceTree = "<group>";
		};
		8ED02EAE1B6CE87A0056EA4F /* Controller */ = {
			isa = PBXGroup;
			children = (
				8ED02F401B6EA9970056EA4F /* FloatingButton.swift */,
				8ED02EAF1B6CE8930056EA4F /* APIController.swift */,
				8ED02F421B6EA9F40056EA4F /* Extensions.swift */,
			);
			name = Controller;
			sourceTree = "<group>";
		};
/* End PBXGroup section */

/* Begin PBXNativeTarget section */
		8ED02E7D1B6B93F70056EA4F /* dotjpg */ = {
			isa = PBXNativeTarget;
			buildConfigurationList = 8ED02E9D1B6B93F80056EA4F /* Build configuration list for PBXNativeTarget "dotjpg" */;
			buildPhases = (
				26325D55D2D843EE3D41EE4F /* Check Pods Manifest.lock */,
				8ED02E7A1B6B93F70056EA4F /* Sources */,
				8ED02E7B1B6B93F70056EA4F /* Frameworks */,
				8ED02E7C1B6B93F70056EA4F /* Resources */,
				197C440C81EAB756EA910DBC /* Copy Pods Resources */,
			);
			buildRules = (
			);
			dependencies = (
			);
			name = dotjpg;
			productName = dotjpg;
			productReference = 8ED02E7E1B6B93F70056EA4F /* dotjpg.app */;
			productType = "com.apple.product-type.application";
		};
		8ED02E921B6B93F80056EA4F /* dotjpgTests */ = {
			isa = PBXNativeTarget;
			buildConfigurationList = 8ED02EA01B6B93F80056EA4F /* Build configuration list for PBXNativeTarget "dotjpgTests" */;
			buildPhases = (
				8ED02E8F1B6B93F80056EA4F /* Sources */,
				8ED02E901B6B93F80056EA4F /* Frameworks */,
				8ED02E911B6B93F80056EA4F /* Resources */,
			);
			buildRules = (
			);
			dependencies = (
				8ED02E951B6B93F80056EA4F /* PBXTargetDependency */,
			);
			name = dotjpgTests;
			productName = dotjpgTests;
			productReference = 8ED02E931B6B93F80056EA4F /* dotjpgTests.xctest */;
			productType = "com.apple.product-type.bundle.unit-test";
		};
/* End PBXNativeTarget section */

/* Begin PBXProject section */
		8ED02E761B6B93F70056EA4F /* Project object */ = {
			isa = PBXProject;
			attributes = {
				LastUpgradeCheck = 0640;
				ORGANIZATIONNAME = orazz;
				TargetAttributes = {
					8ED02E7D1B6B93F70056EA4F = {
						CreatedOnToolsVersion = 6.4;
					};
					8ED02E921B6B93F80056EA4F = {
						CreatedOnToolsVersion = 6.4;
						TestTargetID = 8ED02E7D1B6B93F70056EA4F;
					};
				};
			};
			buildConfigurationList = 8ED02E791B6B93F70056EA4F /* Build configuration list for PBXProject "dotjpg" */;
			compatibilityVersion = "Xcode 3.2";
			developmentRegion = English;
			hasScannedForEncodings = 0;
			knownRegions = (
				en,
				Base,
			);
			mainGroup = 8ED02E751B6B93F70056EA4F;
			productRefGroup = 8ED02E7F1B6B93F70056EA4F /* Products */;
			projectDirPath = "";
			projectRoot = "";
			targets = (
				8ED02E7D1B6B93F70056EA4F /* dotjpg */,
				8ED02E921B6B93F80056EA4F /* dotjpgTests */,
			);
		};
/* End PBXProject section */

/* Begin PBXResourcesBuildPhase section */
		8ED02E7C1B6B93F70056EA4F /* Resources */ = {
			isa = PBXResourcesBuildPhase;
			buildActionMask = 2147483647;
			files = (
				8ED02E891B6B93F70056EA4F /* Main.storyboard in Resources */,
				8EAFAADA1B6EB023006FF5BA /* Images.xcassets in Resources */,
				8ED02F351B6D1ACB0056EA4F /* PhotoCollectionView.xib in Resources */,
				8ED02E8E1B6B93F70056EA4F /* LaunchScreen.xib in Resources */,
			);
			runOnlyForDeploymentPostprocessing = 0;
		};
		8ED02E911B6B93F80056EA4F /* Resources */ = {
			isa = PBXResourcesBuildPhase;
			buildActionMask = 2147483647;
			files = (
			);
			runOnlyForDeploymentPostprocessing = 0;
		};
/* End PBXResourcesBuildPhase section */

/* Begin PBXShellScriptBuildPhase section */
		197C440C81EAB756EA910DBC /* Copy Pods Resources */ = {
			isa = PBXShellScriptBuildPhase;
			buildActionMask = 2147483647;
			files = (
			);
			inputPaths = (
			);
			name = "Copy Pods Resources";
			outputPaths = (
			);
			runOnlyForDeploymentPostprocessing = 0;
			shellPath = /bin/sh;
			shellScript = "\"${SRCROOT}/Pods/Target Support Files/Pods/Pods-resources.sh\"\n";
			showEnvVarsInLog = 0;
		};
		26325D55D2D843EE3D41EE4F /* Check Pods Manifest.lock */ = {
			isa = PBXShellScriptBuildPhase;
			buildActionMask = 2147483647;
			files = (
			);
			inputPaths = (
			);
			name = "Check Pods Manifest.lock";
			outputPaths = (
			);
			runOnlyForDeploymentPostprocessing = 0;
			shellPath = /bin/sh;
			shellScript = "diff \"${PODS_ROOT}/../Podfile.lock\" \"${PODS_ROOT}/Manifest.lock\" > /dev/null\nif [[ $? != 0 ]] ; then\n    cat << EOM\nerror: The sandbox is not in sync with the Podfile.lock. Run 'pod install' or update your CocoaPods installation.\nEOM\n    exit 1\nfi\n";
			showEnvVarsInLog = 0;
		};
/* End PBXShellScriptBuildPhase section */

/* Begin PBXSourcesBuildPhase section */
		8ED02E7A1B6B93F70056EA4F /* Sources */ = {
			isa = PBXSourcesBuildPhase;
			buildActionMask = 2147483647;
			files = (
				8ED02E861B6B93F70056EA4F /* MainVC.swift in Sources */,
				8ED02EAD1B6CE0760056EA4F /* Config.swift in Sources */,
				8ED02F411B6EA9970056EA4F /* FloatingButton.swift in Sources */,
				8ED02F431B6EA9F40056EA4F /* Extensions.swift in Sources */,
				8ED02EAB1B6CDF900056EA4F /* Images.swift in Sources */,
				8ED02E841B6B93F70056EA4F /* AppDelegate.swift in Sources */,
				8ED02EB01B6CE8930056EA4F /* APIController.swift in Sources */,
				8ED02EB61B6D0A660056EA4F /* PhotoVC.swift in Sources */,
			);
			runOnlyForDeploymentPostprocessing = 0;
		};
		8ED02E8F1B6B93F80056EA4F /* Sources */ = {
			isa = PBXSourcesBuildPhase;
			buildActionMask = 2147483647;
			files = (
				8ED02E9A1B6B93F80056EA4F /* dotjpgTests.swift in Sources */,
			);
			runOnlyForDeploymentPostprocessing = 0;
		};
/* End PBXSourcesBuildPhase section */

/* Begin PBXTargetDependency section */
		8ED02E951B6B93F80056EA4F /* PBXTargetDependency */ = {
			isa = PBXTargetDependency;
			target = 8ED02E7D1B6B93F70056EA4F /* dotjpg */;
			targetProxy = 8ED02E941B6B93F80056EA4F /* PBXContainerItemProxy */;
		};
/* End PBXTargetDependency section */

/* Begin PBXVariantGroup section */
		8ED02E871B6B93F70056EA4F /* Main.storyboard */ = {
			isa = PBXVariantGroup;
			children = (
				8ED02E881B6B93F70056EA4F /* Base */,
			);
			name = Main.storyboard;
			sourceTree = "<group>";
		};
		8ED02E8C1B6B93F70056EA4F /* LaunchScreen.xib */ = {
			isa = PBXVariantGroup;
			children = (
				8ED02E8D1B6B93F70056EA4F /* Base */,
			);
			name = LaunchScreen.xib;
			sourceTree = "<group>";
		};
/* End PBXVariantGroup section */

/* Begin XCBuildConfiguration section */
		8ED02E9B1B6B93F80056EA4F /* Debug */ = {
			isa = XCBuildConfiguration;
			buildSettings = {
				ALWAYS_SEARCH_USER_PATHS = NO;
				CLANG_CXX_LANGUAGE_STANDARD = "gnu++0x";
				CLANG_CXX_LIBRARY = "libc++";
				CLANG_ENABLE_MODULES = YES;
				CLANG_ENABLE_OBJC_ARC = YES;
				CLANG_WARN_BOOL_CONVERSION = YES;
				CLANG_WARN_CONSTANT_CONVERSION = YES;
				CLANG_WARN_DIRECT_OBJC_ISA_USAGE = YES_ERROR;
				CLANG_WARN_EMPTY_BODY = YES;
				CLANG_WARN_ENUM_CONVERSION = YES;
				CLANG_WARN_INT_CONVERSION = YES;
				CLANG_WARN_OBJC_ROOT_CLASS = YES_ERROR;
				CLANG_WARN_UNREACHABLE_CODE = YES;
				CLANG_WARN__DUPLICATE_METHOD_MATCH = YES;
				"CODE_SIGN_IDENTITY[sdk=iphoneos*]" = "iPhone Developer";
				COPY_PHASE_STRIP = NO;
				DEBUG_INFORMATION_FORMAT = "dwarf-with-dsym";
				ENABLE_STRICT_OBJC_MSGSEND = YES;
				GCC_C_LANGUAGE_STANDARD = gnu99;
				GCC_DYNAMIC_NO_PIC = NO;
				GCC_NO_COMMON_BLOCKS = YES;
				GCC_OPTIMIZATION_LEVEL = 0;
				GCC_PREPROCESSOR_DEFINITIONS = (
					"DEBUG=1",
					"$(inherited)",
				);
				GCC_SYMBOLS_PRIVATE_EXTERN = NO;
				GCC_WARN_64_TO_32_BIT_CONVERSION = YES;
				GCC_WARN_ABOUT_RETURN_TYPE = YES_ERROR;
				GCC_WARN_UNDECLARED_SELECTOR = YES;
				GCC_WARN_UNINITIALIZED_AUTOS = YES_AGGRESSIVE;
				GCC_WARN_UNUSED_FUNCTION = YES;
				GCC_WARN_UNUSED_VARIABLE = YES;
				IPHONEOS_DEPLOYMENT_TARGET = 8.4;
				MTL_ENABLE_DEBUG_INFO = YES;
				ONLY_ACTIVE_ARCH = YES;
				SDKROOT = iphoneos;
				SWIFT_OPTIMIZATION_LEVEL = "-Onone";
				TARGETED_DEVICE_FAMILY = "1,2";
			};
			name = Debug;
		};
		8ED02E9C1B6B93F80056EA4F /* Release */ = {
			isa = XCBuildConfiguration;
			buildSettings = {
				ALWAYS_SEARCH_USER_PATHS = NO;
				CLANG_CXX_LANGUAGE_STANDARD = "gnu++0x";
				CLANG_CXX_LIBRARY = "libc++";
				CLANG_ENABLE_MODULES = YES;
				CLANG_ENABLE_OBJC_ARC = YES;
				CLANG_WARN_BOOL_CONVERSION = YES;
				CLANG_WARN_CONSTANT_CONVERSION = YES;
				CLANG_WARN_DIRECT_OBJC_ISA_USAGE = YES_ERROR;
				CLANG_WARN_EMPTY_BODY = YES;
				CLANG_WARN_ENUM_CONVERSION = YES;
				CLANG_WARN_INT_CONVERSION = YES;
				CLANG_WARN_OBJC_ROOT_CLASS = YES_ERROR;
				CLANG_WARN_UNREACHABLE_CODE = YES;
				CLANG_WARN__DUPLICATE_METHOD_MATCH = YES;
				"CODE_SIGN_IDENTITY[sdk=iphoneos*]" = "iPhone Developer";
				COPY_PHASE_STRIP = NO;
				DEBUG_INFORMATION_FORMAT = "dwarf-with-dsym";
				ENABLE_NS_ASSERTIONS = NO;
				ENABLE_STRICT_OBJC_MSGSEND = YES;
				GCC_C_LANGUAGE_STANDARD = gnu99;
				GCC_NO_COMMON_BLOCKS = YES;
				GCC_WARN_64_TO_32_BIT_CONVERSION = YES;
				GCC_WARN_ABOUT_RETURN_TYPE = YES_ERROR;
				GCC_WARN_UNDECLARED_SELECTOR = YES;
				GCC_WARN_UNINITIALIZED_AUTOS = YES_AGGRESSIVE;
				GCC_WARN_UNUSED_FUNCTION = YES;
				GCC_WARN_UNUSED_VARIABLE = YES;
				IPHONEOS_DEPLOYMENT_TARGET = 8.4;
				MTL_ENABLE_DEBUG_INFO = NO;
				SDKROOT = iphoneos;
				TARGETED_DEVICE_FAMILY = "1,2";
				VALIDATE_PRODUCT = YES;
			};
			name = Release;
		};
		8ED02E9E1B6B93F80056EA4F /* Debug */ = {
			isa = XCBuildConfiguration;
			baseConfigurationReference = 9987486C5D7C70E80BB68E03 /* Pods.debug.xcconfig */;
			buildSettings = {
				ASSETCATALOG_COMPILER_APPICON_NAME = AppIcon;
				CLANG_ENABLE_MODULES = YES;
				INFOPLIST_FILE = dotjpg/Info.plist;
				IPHONEOS_DEPLOYMENT_TARGET = 8.0;
				LD_RUNPATH_SEARCH_PATHS = "$(inherited) @executable_path/Frameworks";
				PRODUCT_NAME = "$(TARGET_NAME)";
				SWIFT_OBJC_BRIDGING_HEADER = "dotjpg-Bridging-Header.h";
				SWIFT_OPTIMIZATION_LEVEL = "-Onone";
			};
			name = Debug;
		};
		8ED02E9F1B6B93F80056EA4F /* Release */ = {
			isa = XCBuildConfiguration;
			baseConfigurationReference = 2A5B85507698287FA9EECF0C /* Pods.release.xcconfig */;
			buildSettings = {
				ASSETCATALOG_COMPILER_APPICON_NAME = AppIcon;
				CLANG_ENABLE_MODULES = YES;
				INFOPLIST_FILE = dotjpg/Info.plist;
				IPHONEOS_DEPLOYMENT_TARGET = 8.0;
				LD_RUNPATH_SEARCH_PATHS = "$(inherited) @executable_path/Frameworks";
				PRODUCT_NAME = "$(TARGET_NAME)";
				SWIFT_OBJC_BRIDGING_HEADER = "dotjpg-Bridging-Header.h";
			};
			name = Release;
		};
		8ED02EA11B6B93F80056EA4F /* Debug */ = {
			isa = XCBuildConfiguration;
			buildSettings = {
				BUNDLE_LOADER = "$(TEST_HOST)";
				FRAMEWORK_SEARCH_PATHS = (
					"$(SDKROOT)/Developer/Library/Frameworks",
					"$(inherited)",
				);
				GCC_PREPROCESSOR_DEFINITIONS = (
					"DEBUG=1",
					"$(inherited)",
				);
				INFOPLIST_FILE = dotjpgTests/Info.plist;
				LD_RUNPATH_SEARCH_PATHS = "$(inherited) @executable_path/Frameworks @loader_path/Frameworks";
				PRODUCT_NAME = "$(TARGET_NAME)";
				TEST_HOST = "$(BUILT_PRODUCTS_DIR)/dotjpg.app/dotjpg";
			};
			name = Debug;
		};
		8ED02EA21B6B93F80056EA4F /* Release */ = {
			isa = XCBuildConfiguration;
			buildSettings = {
				BUNDLE_LOADER = "$(TEST_HOST)";
				FRAMEWORK_SEARCH_PATHS = (
					"$(SDKROOT)/Developer/Library/Frameworks",
					"$(inherited)",
				);
				INFOPLIST_FILE = dotjpgTests/Info.plist;
				LD_RUNPATH_SEARCH_PATHS = "$(inherited) @executable_path/Frameworks @loader_path/Frameworks";
				PRODUCT_NAME = "$(TARGET_NAME)";
				TEST_HOST = "$(BUILT_PRODUCTS_DIR)/dotjpg.app/dotjpg";
			};
			name = Release;
		};
/* End XCBuildConfiguration section */

/* Begin XCConfigurationList section */
		8ED02E791B6B93F70056EA4F /* Build configuration list for PBXProject "dotjpg" */ = {
			isa = XCConfigurationList;
			buildConfigurations = (
				8ED02E9B1B6B93F80056EA4F /* Debug */,
				8ED02E9C1B6B93F80056EA4F /* Release */,
			);
			defaultConfigurationIsVisible = 0;
			defaultConfigurationName = Release;
		};
		8ED02E9D1B6B93F80056EA4F /* Build configuration list for PBXNativeTarget "dotjpg" */ = {
			isa = XCConfigurationList;
			buildConfigurations = (
				8ED02E9E1B6B93F80056EA4F /* Debug */,
				8ED02E9F1B6B93F80056EA4F /* Release */,
			);
			defaultConfigurationIsVisible = 0;
			defaultConfigurationName = Release;
		};
		8ED02EA01B6B93F80056EA4F /* Build configuration list for PBXNativeTarget "dotjpgTests" */ = {
			isa = XCConfigurationList;
			buildConfigurations = (
				8ED02EA11B6B93F80056EA4F /* Debug */,
				8ED02EA21B6B93F80056EA4F /* Release */,
			);
			defaultConfigurationIsVisible = 0;
			defaultConfigurationName = Release;
		};
/* End XCConfigurationList section */
	};
	rootObject = 8ED02E761B6B93F70056EA4F /* Project object */;
}
